
Microsoft Visual Studio Solution File, Format Version 12.00
# Visual Studio Version 16
VisualStudioVersion = 16.0.31702.278
MinimumVisualStudioVersion = 10.0.40219.1
Project("{FAE04EC0-301F-11D3-BF4B-00C04F79EFBC}") = "Hello", "Hello\Hello.csproj", "{4292A7A1-EB90-4A7E-BD45-235937CC4129}"
EndProject
Project("{FAE04EC0-301F-11D3-BF4B-00C04F79EFBC}") = "Kalkulal", "Kalkulal\Kalkulal.csproj", "{ACF47531-4B87-48F0-81D4-E47B63C1E135}"
EndProject
Project("{FAE04EC0-301F-11D3-BF4B-00C04F79EFBC}") = "Mtable", "Mtable\Mtable.csproj", "{092EBEA6-CE83-4FDB-BB02-7E015641F126}"
EndProject
Project("{FAE04EC0-301F-11D3-BF4B-00C04F79EFBC}") = "Mtable2", "Mtable2\Mtable2.csproj", "{CA133C88-F63E-4BAC-9A66-1E707D04DCAF}"
EndProject
Project("{FAE04EC0-301F-11D3-BF4B-00C04F79EFBC}") = "KoPapirOllo", "KoPapirOllo\KoPapirOllo.csproj", "{8F467AB8-FE83-4E78-8932-444EA62C98A8}"
EndProject
Project("{FAE04EC0-301F-11D3-BF4B-00C04F79EFBC}") = "2022_02_08_helyettesites", "2022_02_08_helyettesites\2022_02_08_helyettesites.csproj", "{596D61E3-17BC-4F35-A6E3-F3EADFC19C64}"
EndProject
Project("{FAE04EC0-301F-11D3-BF4B-00C04F79EFBC}") = "szamkitalalo", "szamkitalalo\szamkitalalo.csproj", "{839CC819-F899-4AB6-9D29-10EF32A5B171}"
EndProject
Project("{FAE04EC0-301F-11D3-BF4B-00C04F79EFBC}") = "teszt_2022_02_15", "teszt_2022_02_15\teszt_2022_02_15.csproj", "{4E837FA5-A3BE-4766-B81D-746258B7C1CE}"
EndProject
Project("{FAE04EC0-301F-11D3-BF4B-00C04F79EFBC}") = "szigetek", "szigetek\szigetek.csproj", "{4B90B99C-FA61-4E4E-87B9-9AA52D2F8CFA}"
EndProject
Project("{FAE04EC0-301F-11D3-BF4B-00C04F79EFBC}") = "atlaghomerseklet", "atlaghomerseklet\atlaghomerseklet.csproj", "{101F0FBE-DBA5-4CD8-8375-FE863B4106B5}"
EndProject
Project("{FAE04EC0-301F-11D3-BF4B-00C04F79EFBC}") = "testtomeg_idx", "testtomeg_idx\testtomeg_idx.csproj", "{090B9C17-61BA-48E5-B14F-8396D2BB0EED}"
EndProject
Project("{FAE04EC0-301F-11D3-BF4B-00C04F79EFBC}") = "Hianyzasok", "Hianyzasok\Hianyzasok.csproj", "{5786A7AB-7D0F-45E4-8A69-E94292AD5F7E}"
EndProject
Project("{FAE04EC0-301F-11D3-BF4B-00C04F79EFBC}") = "ponthatarok", "ponthatarok\ponthatarok.csproj", "{88DF6DCD-5659-44B3-84E0-DAB0BA8B030B}"
EndProject
Project("{FAE04EC0-301F-11D3-BF4B-00C04F79EFBC}") = "termenyjoslas", "termenyjoslas\termenyjoslas.csproj", "{354B35D1-DEA7-4D93-B215-A6D300F29932}"
EndProject
Project("{FAE04EC0-301F-11D3-BF4B-00C04F79EFBC}") = "ketponttavolsag", "ketponttavolsag\ketponttavolsag.csproj", "{70AA4C68-80A1-4432-939F-FE72D79182DE}"
EndProject
Project("{FAE04EC0-301F-11D3-BF4B-00C04F79EFBC}") = "Dinnye", "Dinnye\Dinnye.csproj", "{663EDF54-1E45-44F1-9B32-249924C10983}"
EndProject
Project("{FAE04EC0-301F-11D3-BF4B-00C04F79EFBC}") = "csempezes", "csempezes\csempezes.csproj", "{8B8204E2-21ED-4C8D-B217-88C2E287B441}"
EndProject
Project("{FAE04EC0-301F-11D3-BF4B-00C04F79EFBC}") = "szamkiiras", "szamkiiras\szamkiiras.csproj", "{543B18FD-2322-418A-88D5-F5EA43464686}"
EndProject
Project("{FAE04EC0-301F-11D3-BF4B-00C04F79EFBC}") = "c_sharp_dolgozat1", "c_sharp_dolgozat1\c_sharp_dolgozat1.csproj", "{50E0FA91-5AB2-4C19-8556-3A975E155BA5}"
EndProject
Project("{FAE04EC0-301F-11D3-BF4B-00C04F79EFBC}") = "c_sharp_dolgozat2", "c_sharp_dolgozat2\c_sharp_dolgozat2.csproj", "{3AD856A9-E804-40A0-9A41-797D3B4EF8D7}"
EndProject
Project("{FAE04EC0-301F-11D3-BF4B-00C04F79EFBC}") = "c_sharp_dolgozat3", "c_sharp_dolgozat3\c_sharp_dolgozat3.csproj", "{C312AA5D-CD7D-46DA-A868-12C2AD749A42}"
EndProject
Project("{FAE04EC0-301F-11D3-BF4B-00C04F79EFBC}") = "c_sharp_dolgozat4", "c_sharp_dolgozat4\c_sharp_dolgozat4.csproj", "{0B709474-EC61-44DA-95B8-9A562CDE000D}"
EndProject
Project("{FAE04EC0-301F-11D3-BF4B-00C04F79EFBC}") = "c_sharp_dolgozat5", "c_sharp_dolgozat5\c_sharp_dolgozat5.csproj", "{7B9DEFD8-A288-4A23-A19F-F4357CD08D52}"
EndProject
Project("{FAE04EC0-301F-11D3-BF4B-00C04F79EFBC}") = "objektumorientaltprogramozas", "objektumorientaltprogramozas\objektumorientaltprogramozas.csproj", "{05F25E54-2302-42CC-8A6D-F656ECD62633}"
EndProject
Project("{FAE04EC0-301F-11D3-BF4B-00C04F79EFBC}") = "Polimorfizmus", "Polimorfizmus\Polimorfizmus.csproj", "{B83128D4-91EF-4B83-A5DC-17E24A2913DA}"
EndProject
Project("{FAE04EC0-301F-11D3-BF4B-00C04F79EFBC}") = "korsugarteruletkerulet", "korsugarteruletkerulet\korsugarteruletkerulet.csproj", "{CD91EB4B-A7DB-402C-9401-95D368008E80}"
EndProject
Global
	GlobalSection(SolutionConfigurationPlatforms) = preSolution
		Debug|Any CPU = Debug|Any CPU
		Release|Any CPU = Release|Any CPU
	EndGlobalSection
	GlobalSection(ProjectConfigurationPlatforms) = postSolution
		{4292A7A1-EB90-4A7E-BD45-235937CC4129}.Debug|Any CPU.ActiveCfg = Debug|Any CPU
		{4292A7A1-EB90-4A7E-BD45-235937CC4129}.Debug|Any CPU.Build.0 = Debug|Any CPU
		{4292A7A1-EB90-4A7E-BD45-235937CC4129}.Release|Any CPU.ActiveCfg = Release|Any CPU
		{4292A7A1-EB90-4A7E-BD45-235937CC4129}.Release|Any CPU.Build.0 = Release|Any CPU
		{ACF47531-4B87-48F0-81D4-E47B63C1E135}.Debug|Any CPU.ActiveCfg = Debug|Any CPU
		{ACF47531-4B87-48F0-81D4-E47B63C1E135}.Debug|Any CPU.Build.0 = Debug|Any CPU
		{ACF47531-4B87-48F0-81D4-E47B63C1E135}.Release|Any CPU.ActiveCfg = Release|Any CPU
		{ACF47531-4B87-48F0-81D4-E47B63C1E135}.Release|Any CPU.Build.0 = Release|Any CPU
		{092EBEA6-CE83-4FDB-BB02-7E015641F126}.Debug|Any CPU.ActiveCfg = Debug|Any CPU
		{092EBEA6-CE83-4FDB-BB02-7E015641F126}.Debug|Any CPU.Build.0 = Debug|Any CPU
		{092EBEA6-CE83-4FDB-BB02-7E015641F126}.Release|Any CPU.ActiveCfg = Release|Any CPU
		{092EBEA6-CE83-4FDB-BB02-7E015641F126}.Release|Any CPU.Build.0 = Release|Any CPU
		{CA133C88-F63E-4BAC-9A66-1E707D04DCAF}.Debug|Any CPU.ActiveCfg = Debug|Any CPU
		{CA133C88-F63E-4BAC-9A66-1E707D04DCAF}.Debug|Any CPU.Build.0 = Debug|Any CPU
		{CA133C88-F63E-4BAC-9A66-1E707D04DCAF}.Release|Any CPU.ActiveCfg = Release|Any CPU
		{CA133C88-F63E-4BAC-9A66-1E707D04DCAF}.Release|Any CPU.Build.0 = Release|Any CPU
		{8F467AB8-FE83-4E78-8932-444EA62C98A8}.Debug|Any CPU.ActiveCfg = Debug|Any CPU
		{8F467AB8-FE83-4E78-8932-444EA62C98A8}.Debug|Any CPU.Build.0 = Debug|Any CPU
		{8F467AB8-FE83-4E78-8932-444EA62C98A8}.Release|Any CPU.ActiveCfg = Release|Any CPU
		{8F467AB8-FE83-4E78-8932-444EA62C98A8}.Release|Any CPU.Build.0 = Release|Any CPU
		{596D61E3-17BC-4F35-A6E3-F3EADFC19C64}.Debug|Any CPU.ActiveCfg = Debug|Any CPU
		{596D61E3-17BC-4F35-A6E3-F3EADFC19C64}.Debug|Any CPU.Build.0 = Debug|Any CPU
		{596D61E3-17BC-4F35-A6E3-F3EADFC19C64}.Release|Any CPU.ActiveCfg = Release|Any CPU
		{596D61E3-17BC-4F35-A6E3-F3EADFC19C64}.Release|Any CPU.Build.0 = Release|Any CPU
		{839CC819-F899-4AB6-9D29-10EF32A5B171}.Debug|Any CPU.ActiveCfg = Debug|Any CPU
		{839CC819-F899-4AB6-9D29-10EF32A5B171}.Debug|Any CPU.Build.0 = Debug|Any CPU
		{839CC819-F899-4AB6-9D29-10EF32A5B171}.Release|Any CPU.ActiveCfg = Release|Any CPU
		{839CC819-F899-4AB6-9D29-10EF32A5B171}.Release|Any CPU.Build.0 = Release|Any CPU
		{4E837FA5-A3BE-4766-B81D-746258B7C1CE}.Debug|Any CPU.ActiveCfg = Debug|Any CPU
		{4E837FA5-A3BE-4766-B81D-746258B7C1CE}.Debug|Any CPU.Build.0 = Debug|Any CPU
		{4E837FA5-A3BE-4766-B81D-746258B7C1CE}.Release|Any CPU.ActiveCfg = Release|Any CPU
		{4E837FA5-A3BE-4766-B81D-746258B7C1CE}.Release|Any CPU.Build.0 = Release|Any CPU
		{4B90B99C-FA61-4E4E-87B9-9AA52D2F8CFA}.Debug|Any CPU.ActiveCfg = Debug|Any CPU
		{4B90B99C-FA61-4E4E-87B9-9AA52D2F8CFA}.Debug|Any CPU.Build.0 = Debug|Any CPU
		{4B90B99C-FA61-4E4E-87B9-9AA52D2F8CFA}.Release|Any CPU.ActiveCfg = Release|Any CPU
		{4B90B99C-FA61-4E4E-87B9-9AA52D2F8CFA}.Release|Any CPU.Build.0 = Release|Any CPU
		{101F0FBE-DBA5-4CD8-8375-FE863B4106B5}.Debug|Any CPU.ActiveCfg = Debug|Any CPU
		{101F0FBE-DBA5-4CD8-8375-FE863B4106B5}.Debug|Any CPU.Build.0 = Debug|Any CPU
		{101F0FBE-DBA5-4CD8-8375-FE863B4106B5}.Release|Any CPU.ActiveCfg = Release|Any CPU
		{101F0FBE-DBA5-4CD8-8375-FE863B4106B5}.Release|Any CPU.Build.0 = Release|Any CPU
		{090B9C17-61BA-48E5-B14F-8396D2BB0EED}.Debug|Any CPU.ActiveCfg = Debug|Any CPU
		{090B9C17-61BA-48E5-B14F-8396D2BB0EED}.Debug|Any CPU.Build.0 = Debug|Any CPU
		{090B9C17-61BA-48E5-B14F-8396D2BB0EED}.Release|Any CPU.ActiveCfg = Release|Any CPU
		{090B9C17-61BA-48E5-B14F-8396D2BB0EED}.Release|Any CPU.Build.0 = Release|Any CPU
		{5786A7AB-7D0F-45E4-8A69-E94292AD5F7E}.Debug|Any CPU.ActiveCfg = Debug|Any CPU
		{5786A7AB-7D0F-45E4-8A69-E94292AD5F7E}.Debug|Any CPU.Build.0 = Debug|Any CPU
		{5786A7AB-7D0F-45E4-8A69-E94292AD5F7E}.Release|Any CPU.ActiveCfg = Release|Any CPU
		{5786A7AB-7D0F-45E4-8A69-E94292AD5F7E}.Release|Any CPU.Build.0 = Release|Any CPU
		{88DF6DCD-5659-44B3-84E0-DAB0BA8B030B}.Debug|Any CPU.ActiveCfg = Debug|Any CPU
		{88DF6DCD-5659-44B3-84E0-DAB0BA8B030B}.Debug|Any CPU.Build.0 = Debug|Any CPU
		{88DF6DCD-5659-44B3-84E0-DAB0BA8B030B}.Release|Any CPU.ActiveCfg = Release|Any CPU
		{88DF6DCD-5659-44B3-84E0-DAB0BA8B030B}.Release|Any CPU.Build.0 = Release|Any CPU
		{354B35D1-DEA7-4D93-B215-A6D300F29932}.Debug|Any CPU.ActiveCfg = Debug|Any CPU
		{354B35D1-DEA7-4D93-B215-A6D300F29932}.Debug|Any CPU.Build.0 = Debug|Any CPU
		{354B35D1-DEA7-4D93-B215-A6D300F29932}.Release|Any CPU.ActiveCfg = Release|Any CPU
		{354B35D1-DEA7-4D93-B215-A6D300F29932}.Release|Any CPU.Build.0 = Release|Any CPU
		{70AA4C68-80A1-4432-939F-FE72D79182DE}.Debug|Any CPU.ActiveCfg = Debug|Any CPU
		{70AA4C68-80A1-4432-939F-FE72D79182DE}.Debug|Any CPU.Build.0 = Debug|Any CPU
		{70AA4C68-80A1-4432-939F-FE72D79182DE}.Release|Any CPU.ActiveCfg = Release|Any CPU
		{70AA4C68-80A1-4432-939F-FE72D79182DE}.Release|Any CPU.Build.0 = Release|Any CPU
		{663EDF54-1E45-44F1-9B32-249924C10983}.Debug|Any CPU.ActiveCfg = Debug|Any CPU
		{663EDF54-1E45-44F1-9B32-249924C10983}.Debug|Any CPU.Build.0 = Debug|Any CPU
		{663EDF54-1E45-44F1-9B32-249924C10983}.Release|Any CPU.ActiveCfg = Release|Any CPU
		{663EDF54-1E45-44F1-9B32-249924C10983}.Release|Any CPU.Build.0 = Release|Any CPU
		{8B8204E2-21ED-4C8D-B217-88C2E287B441}.Debug|Any CPU.ActiveCfg = Debug|Any CPU
		{8B8204E2-21ED-4C8D-B217-88C2E287B441}.Debug|Any CPU.Build.0 = Debug|Any CPU
		{8B8204E2-21ED-4C8D-B217-88C2E287B441}.Release|Any CPU.ActiveCfg = Release|Any CPU
		{8B8204E2-21ED-4C8D-B217-88C2E287B441}.Release|Any CPU.Build.0 = Release|Any CPU
		{543B18FD-2322-418A-88D5-F5EA43464686}.Debug|Any CPU.ActiveCfg = Debug|Any CPU
		{543B18FD-2322-418A-88D5-F5EA43464686}.Debug|Any CPU.Build.0 = Debug|Any CPU
		{543B18FD-2322-418A-88D5-F5EA43464686}.Release|Any CPU.ActiveCfg = Release|Any CPU
		{543B18FD-2322-418A-88D5-F5EA43464686}.Release|Any CPU.Build.0 = Release|Any CPU
		{50E0FA91-5AB2-4C19-8556-3A975E155BA5}.Debug|Any CPU.ActiveCfg = Debug|Any CPU
		{50E0FA91-5AB2-4C19-8556-3A975E155BA5}.Debug|Any CPU.Build.0 = Debug|Any CPU
		{50E0FA91-5AB2-4C19-8556-3A975E155BA5}.Release|Any CPU.ActiveCfg = Release|Any CPU
		{50E0FA91-5AB2-4C19-8556-3A975E155BA5}.Release|Any CPU.Build.0 = Release|Any CPU
		{3AD856A9-E804-40A0-9A41-797D3B4EF8D7}.Debug|Any CPU.ActiveCfg = Debug|Any CPU
		{3AD856A9-E804-40A0-9A41-797D3B4EF8D7}.Debug|Any CPU.Build.0 = Debug|Any CPU
		{3AD856A9-E804-40A0-9A41-797D3B4EF8D7}.Release|Any CPU.ActiveCfg = Release|Any CPU
		{3AD856A9-E804-40A0-9A41-797D3B4EF8D7}.Release|Any CPU.Build.0 = Release|Any CPU
		{C312AA5D-CD7D-46DA-A868-12C2AD749A42}.Debug|Any CPU.ActiveCfg = Debug|Any CPU
		{C312AA5D-CD7D-46DA-A868-12C2AD749A42}.Debug|Any CPU.Build.0 = Debug|Any CPU
		{C312AA5D-CD7D-46DA-A868-12C2AD749A42}.Release|Any CPU.ActiveCfg = Release|Any CPU
		{C312AA5D-CD7D-46DA-A868-12C2AD749A42}.Release|Any CPU.Build.0 = Release|Any CPU
		{0B709474-EC61-44DA-95B8-9A562CDE000D}.Debug|Any CPU.ActiveCfg = Debug|Any CPU
		{0B709474-EC61-44DA-95B8-9A562CDE000D}.Debug|Any CPU.Build.0 = Debug|Any CPU
		{0B709474-EC61-44DA-95B8-9A562CDE000D}.Release|Any CPU.ActiveCfg = Release|Any CPU
		{0B709474-EC61-44DA-95B8-9A562CDE000D}.Release|Any CPU.Build.0 = Release|Any CPU
		{7B9DEFD8-A288-4A23-A19F-F4357CD08D52}.Debug|Any CPU.ActiveCfg = Debug|Any CPU
		{7B9DEFD8-A288-4A23-A19F-F4357CD08D52}.Debug|Any CPU.Build.0 = Debug|Any CPU
		{7B9DEFD8-A288-4A23-A19F-F4357CD08D52}.Release|Any CPU.ActiveCfg = Release|Any CPU
		{7B9DEFD8-A288-4A23-A19F-F4357CD08D52}.Release|Any CPU.Build.0 = Release|Any CPU
		{05F25E54-2302-42CC-8A6D-F656ECD62633}.Debug|Any CPU.ActiveCfg = Debug|Any CPU
		{05F25E54-2302-42CC-8A6D-F656ECD62633}.Debug|Any CPU.Build.0 = Debug|Any CPU
		{05F25E54-2302-42CC-8A6D-F656ECD62633}.Release|Any CPU.ActiveCfg = Release|Any CPU
		{05F25E54-2302-42CC-8A6D-F656ECD62633}.Release|Any CPU.Build.0 = Release|Any CPU
		{B83128D4-91EF-4B83-A5DC-17E24A2913DA}.Debug|Any CPU.ActiveCfg = Debug|Any CPU
		{B83128D4-91EF-4B83-A5DC-17E24A2913DA}.Debug|Any CPU.Build.0 = Debug|Any CPU
		{B83128D4-91EF-4B83-A5DC-17E24A2913DA}.Release|Any CPU.ActiveCfg = Release|Any CPU
		{B83128D4-91EF-4B83-A5DC-17E24A2913DA}.Release|Any CPU.Build.0 = Release|Any CPU
		{CD91EB4B-A7DB-402C-9401-95D368008E80}.Debug|Any CPU.ActiveCfg = Debug|Any CPU
		{CD91EB4B-A7DB-402C-9401-95D368008E80}.Debug|Any CPU.Build.0 = Debug|Any CPU
		{CD91EB4B-A7DB-402C-9401-95D368008E80}.Release|Any CPU.ActiveCfg = Release|Any CPU
		{CD91EB4B-A7DB-402C-9401-95D368008E80}.Release|Any CPU.Build.0 = Release|Any CPU
	EndGlobalSection
	GlobalSection(SolutionProperties) = preSolution
		HideSolutionNode = FALSE
	EndGlobalSection
	GlobalSection(ExtensibilityGlobals) = postSolution
		SolutionGuid = {E0A2B61C-5395-4D53-B490-BA2DD66CFB46}
	EndGlobalSection
EndGlobal
